{
  "name": "freepi",
  "version": "2.2.1",
  "lockfileVersion": 1,
  "requires": true,
  "dependencies": {
    "@freepi/core": {
      "version": "2.1.2",
      "resolved": "https://registry.npmjs.org/@freepi/core/-/core-2.1.2.tgz",
      "integrity": "sha512-djcejHM4LrfrR1yuG6TfF3zrS/lHPPi2EGlrojG2iVJRwbVDKG4ln447o6n3ENplqH6rlUQXRVukh7UMmtbLdw==",
      "requires": {
        "@types/axios": "^0.14.0",
        "axios": "^0.21.0"
      }
    },
    "@freepi/unsplash": {
      "version": "2.1.2-alpha.0",
      "resolved": "https://registry.npmjs.org/@freepi/unsplash/-/unsplash-2.1.2-alpha.0.tgz",
      "integrity": "sha512-Led7+13uRnMBBQZRwLFGUV0gHCbhn2qsJMVAch3D+p932e4Z99bt7LwM8H5tPhagEIJvvL3gHRcZSpdih6BQRA==",
      "requires": {
        "@freepi/core": "^2.1.2",
        "dotenv": "^8.2.0"
      }
    },
    "@types/axios": {
      "version": "0.14.0",
      "resolved": "https://registry.npmjs.org/@types/axios/-/axios-0.14.0.tgz",
      "integrity": "sha1-7CMA++fX3d1+udOr+HmZlkyvzkY=",
      "requires": {
        "axios": "*"
      }
    },
    "axios": {
      "version": "0.21.1",
      "resolved": "https://registry.npmjs.org/axios/-/axios-0.21.1.tgz",
      "integrity": "sha512-dKQiRHxGD9PPRIUNIWvZhPTPpl1rf/OxTYKsqKUDjBwYylTvV7SjSHJb9ratfyzM6wCdLCOYLzs73qpg5c4iGA==",
      "requires": {
        "follow-redirects": "^1.10.0"
      }
    },
    "dotenv": {
      "version": "8.2.0",
      "resolved": "https://registry.npmjs.org/dotenv/-/dotenv-8.2.0.tgz",
      "integrity": "sha512-8sJ78ElpbDJBHNeBzUbUVLsqKdccaa/BXF1uPTw3GrvQTBgrQrtObr2mUrE38vzYd8cEv+m/JBfDLioYcfXoaw=="
    },
    "follow-redirects": {
      "version": "1.13.2",
      "resolved": "https://registry.npmjs.org/follow-redirects/-/follow-redirects-1.13.2.tgz",
      "integrity": "sha512-6mPTgLxYm3r6Bkkg0vNM0HTjfGrOEtsfbhagQvbxDEsEkpNhw582upBaoRZylzen6krEmxXJgt9Ju6HiI4O7BA=="
    }
  }
}
