{
  "name": "freepi",
  "version": "1.1.3",
  "lockfileVersion": 1,
  "requires": true,
  "dependencies": {
    "@freepi/core": {
      "version": "1.1.1",
      "resolved": "https://registry.npmjs.org/@freepi/core/-/core-1.1.1.tgz",
      "integrity": "sha512-fVXt8HAp5qhgkBBF7QkbSpVaCsS8GlnLtef6Nu7YfBz+jFYXhI+Kjet+zPwyxBiMy+xQdw/ra5Oe9t06MVrAZg==",
      "requires": {
        "@types/axios": "^0.14.0",
        "axios": "^0.21.0"
      }
    },
    "@freepi/jsonplaceholder": {
      "version": "1.1.1",
      "resolved": "https://registry.npmjs.org/@freepi/jsonplaceholder/-/jsonplaceholder-1.1.1.tgz",
      "integrity": "sha512-m9acbwnFx9whYCJ3y3ntjF+OJQIjAWhTgThFP2RTbPiYVbsUss3mig2Kv3mVgcRvdeFAJDEBDlEkpjpSySGZAA==",
      "requires": {
        "@freepi/core": "^1.1.1",
        "@types/axios": "^0.14.0",
        "axios": "^0.21.0"
      }
    },
    "@types/axios": {
      "version": "0.14.0",
      "resolved": "https://registry.npmjs.org/@types/axios/-/axios-0.14.0.tgz",
      "integrity": "sha1-7CMA++fX3d1+udOr+HmZlkyvzkY=",
      "requires": {
        "axios": "*"
      }
    },
    "axios": {
      "version": "0.21.1",
      "resolved": "https://registry.npmjs.org/axios/-/axios-0.21.1.tgz",
      "integrity": "sha512-dKQiRHxGD9PPRIUNIWvZhPTPpl1rf/OxTYKsqKUDjBwYylTvV7SjSHJb9ratfyzM6wCdLCOYLzs73qpg5c4iGA==",
      "requires": {
        "follow-redirects": "^1.10.0"
      }
    },
    "follow-redirects": {
      "version": "1.13.2",
      "resolved": "https://registry.npmjs.org/follow-redirects/-/follow-redirects-1.13.2.tgz",
      "integrity": "sha512-6mPTgLxYm3r6Bkkg0vNM0HTjfGrOEtsfbhagQvbxDEsEkpNhw582upBaoRZylzen6krEmxXJgt9Ju6HiI4O7BA=="
    }
  }
}
